
Microsoft Visual Studio Solution File, Format Version 12.00
# Visual Studio Version 17
VisualStudioVersion = 17.1.32228.430
MinimumVisualStudioVersion = 10.0.40219.1
Project("{FAE04EC0-301F-11D3-BF4B-00C04F79EFBC}") = "EstudoFuncionario", "EstudoFuncionario\EstudoFuncionario.csproj", "{30EF2F29-7D79-4F20-828D-2FC39591F31D}"
EndProject
Global
	GlobalSection(SolutionConfigurationPlatforms) = preSolution
		Debug|Any CPU = Debug|Any CPU
		Release|Any CPU = Release|Any CPU
	EndGlobalSection
	GlobalSection(ProjectConfigurationPlatforms) = postSolution
		{30EF2F29-7D79-4F20-828D-2FC39591F31D}.Debug|Any CPU.ActiveCfg = Debug|Any CPU
		{30EF2F29-7D79-4F20-828D-2FC39591F31D}.Debug|Any CPU.Build.0 = Debug|Any CPU
		{30EF2F29-7D79-4F20-828D-2FC39591F31D}.Release|Any CPU.ActiveCfg = Release|Any CPU
		{30EF2F29-7D79-4F20-828D-2FC39591F31D}.Release|Any CPU.Build.0 = Release|Any CPU
	EndGlobalSection
	GlobalSection(SolutionProperties) = preSolution
		HideSolutionNode = FALSE
	EndGlobalSection
	GlobalSection(ExtensibilityGlobals) = postSolution
		SolutionGuid = {01865F4B-6434-43A7-A5C0-AFABCC1DB44E}
	EndGlobalSection
EndGlobal
